// !$*UTF8*$!
{
	archiveVersion = 1;
	classes = {
	};
	objectVersion = 51;
	objects = {

/* Begin PBXBuildFile section */
		01E6700E2371EA8D0054B5BC /* GoogleService-Info.plist in Resources */ = {isa = PBXBuildFile; fileRef = 01E6700D2371EA8C0054B5BC /* GoogleService-Info.plist */; };
		01FF1B072358FEB200C25E00 /* AppDelegate.swift in Sources */ = {isa = PBXBuildFile; fileRef = 01FF1B062358FEB200C25E00 /* AppDelegate.swift */; };
		01FF1B092358FEB200C25E00 /* ViewController.swift in Sources */ = {isa = PBXBuildFile; fileRef = 01FF1B082358FEB200C25E00 /* ViewController.swift */; };
		01FF1B0C2358FEB200C25E00 /* Main.storyboard in Resources */ = {isa = PBXBuildFile; fileRef = 01FF1B0A2358FEB200C25E00 /* Main.storyboard */; };
		01FF1B0F2358FEB200C25E00 /* MapAttraction.xcdatamodeld in Sources */ = {isa = PBXBuildFile; fileRef = 01FF1B0D2358FEB200C25E00 /* MapAttraction.xcdatamodeld */; };
		01FF1B112358FEB200C25E00 /* Assets.xcassets in Resources */ = {isa = PBXBuildFile; fileRef = 01FF1B102358FEB200C25E00 /* Assets.xcassets */; };
		01FF1B142358FEB200C25E00 /* LaunchScreen.storyboard in Resources */ = {isa = PBXBuildFile; fileRef = 01FF1B122358FEB200C25E00 /* LaunchScreen.storyboard */; };
		21EF405E236E3702009BFDA9 /* UserPinViewController.swift in Sources */ = {isa = PBXBuildFile; fileRef = 21EF405D236E3702009BFDA9 /* UserPinViewController.swift */; };
		8D1C03132F38DD9D33BFDC15 /* Pods_MapAttraction.framework in Frameworks */ = {isa = PBXBuildFile; fileRef = CC191395D00B2FB342FD842F /* Pods_MapAttraction.framework */; };
		BE33BFAD2370BADB00246AAB /* MapKit.framework in Frameworks */ = {isa = PBXBuildFile; fileRef = BE33BFAC2370BADB00246AAB /* MapKit.framework */; };
		BE33BFAF2370BB2D00246AAB /* CustomLocationViewController.swift in Sources */ = {isa = PBXBuildFile; fileRef = BE33BFAE2370BB2D00246AAB /* CustomLocationViewController.swift */; };
		BE33BFB1237219F100246AAB /* CustomLocInfoViewController.swift in Sources */ = {isa = PBXBuildFile; fileRef = BE33BFB0237219F100246AAB /* CustomLocInfoViewController.swift */; };
		BE634EE62374FC6E00989E9E /* myRatingTableViewCell.swift in Sources */ = {isa = PBXBuildFile; fileRef = BE634EE52374FC6E00989E9E /* myRatingTableViewCell.swift */; };
		BE634EE823750E2900989E9E /* UIResponderExtensions.swift in Sources */ = {isa = PBXBuildFile; fileRef = BE634EE723750E2900989E9E /* UIResponderExtensions.swift */; };
		BEC1BBFA2373A04500597592 /* myTagTableViewCell.swift in Sources */ = {isa = PBXBuildFile; fileRef = BEC1BBF92373A04500597592 /* myTagTableViewCell.swift */; };
		BEC1BBFC2373BB8400597592 /* SubmitCustomLocViewController.swift in Sources */ = {isa = PBXBuildFile; fileRef = BEC1BBFB2373BB8400597592 /* SubmitCustomLocViewController.swift */; };
/* End PBXBuildFile section */

/* Begin PBXCopyFilesBuildPhase section */
		01E670062371E5A70054B5BC /* Embed Frameworks */ = {
			isa = PBXCopyFilesBuildPhase;
			buildActionMask = 2147483647;
			dstPath = "";
			dstSubfolderSpec = 10;
			files = (
			);
			name = "Embed Frameworks";
			runOnlyForDeploymentPostprocessing = 0;
		};
/* End PBXCopyFilesBuildPhase section */

/* Begin PBXFileReference section */
		01E6700D2371EA8C0054B5BC /* GoogleService-Info.plist */ = {isa = PBXFileReference; fileEncoding = 4; lastKnownFileType = text.plist.xml; path = "GoogleService-Info.plist"; sourceTree = "<group>"; };
		01FF1B032358FEB200C25E00 /* MapAttraction.app */ = {isa = PBXFileReference; explicitFileType = wrapper.application; includeInIndex = 0; path = MapAttraction.app; sourceTree = BUILT_PRODUCTS_DIR; };
		01FF1B062358FEB200C25E00 /* AppDelegate.swift */ = {isa = PBXFileReference; lastKnownFileType = sourcecode.swift; path = AppDelegate.swift; sourceTree = "<group>"; };
		01FF1B082358FEB200C25E00 /* ViewController.swift */ = {isa = PBXFileReference; lastKnownFileType = sourcecode.swift; path = ViewController.swift; sourceTree = "<group>"; };
		01FF1B0B2358FEB200C25E00 /* Base */ = {isa = PBXFileReference; lastKnownFileType = file.storyboard; name = Base; path = Base.lproj/Main.storyboard; sourceTree = "<group>"; };
		01FF1B0E2358FEB200C25E00 /* MapAttraction.xcdatamodel */ = {isa = PBXFileReference; lastKnownFileType = wrapper.xcdatamodel; path = MapAttraction.xcdatamodel; sourceTree = "<group>"; };
		01FF1B102358FEB200C25E00 /* Assets.xcassets */ = {isa = PBXFileReference; lastKnownFileType = folder.assetcatalog; path = Assets.xcassets; sourceTree = "<group>"; };
		01FF1B132358FEB200C25E00 /* Base */ = {isa = PBXFileReference; lastKnownFileType = file.storyboard; name = Base; path = Base.lproj/LaunchScreen.storyboard; sourceTree = "<group>"; };
		01FF1B152358FEB300C25E00 /* Info.plist */ = {isa = PBXFileReference; lastKnownFileType = text.plist.xml; path = Info.plist; sourceTree = "<group>"; };
		21EF405D236E3702009BFDA9 /* UserPinViewController.swift */ = {isa = PBXFileReference; lastKnownFileType = sourcecode.swift; path = UserPinViewController.swift; sourceTree = "<group>"; };
		A35BA96773E155CBEBCF89EF /* Pods-MapAttraction.debug.xcconfig */ = {isa = PBXFileReference; includeInIndex = 1; lastKnownFileType = text.xcconfig; name = "Pods-MapAttraction.debug.xcconfig"; path = "Target Support Files/Pods-MapAttraction/Pods-MapAttraction.debug.xcconfig"; sourceTree = "<group>"; };
		AE6DDC08EE8A152A1C98FD76 /* Pods-MapAttraction.release.xcconfig */ = {isa = PBXFileReference; includeInIndex = 1; lastKnownFileType = text.xcconfig; name = "Pods-MapAttraction.release.xcconfig"; path = "Target Support Files/Pods-MapAttraction/Pods-MapAttraction.release.xcconfig"; sourceTree = "<group>"; };
		BE33BFAC2370BADB00246AAB /* MapKit.framework */ = {isa = PBXFileReference; lastKnownFileType = wrapper.framework; name = MapKit.framework; path = System/Library/Frameworks/MapKit.framework; sourceTree = SDKROOT; };
		BE33BFAE2370BB2D00246AAB /* CustomLocationViewController.swift */ = {isa = PBXFileReference; lastKnownFileType = sourcecode.swift; path = CustomLocationViewController.swift; sourceTree = "<group>"; };
		BE33BFB0237219F100246AAB /* CustomLocInfoViewController.swift */ = {isa = PBXFileReference; lastKnownFileType = sourcecode.swift; path = CustomLocInfoViewController.swift; sourceTree = "<group>"; };
		BE634EE52374FC6E00989E9E /* myRatingTableViewCell.swift */ = {isa = PBXFileReference; lastKnownFileType = sourcecode.swift; path = myRatingTableViewCell.swift; sourceTree = "<group>"; };
		BE634EE723750E2900989E9E /* UIResponderExtensions.swift */ = {isa = PBXFileReference; lastKnownFileType = sourcecode.swift; path = UIResponderExtensions.swift; sourceTree = "<group>"; };
		BEC1BBF92373A04500597592 /* myTagTableViewCell.swift */ = {isa = PBXFileReference; lastKnownFileType = sourcecode.swift; path = myTagTableViewCell.swift; sourceTree = "<group>"; };
		BEC1BBFB2373BB8400597592 /* SubmitCustomLocViewController.swift */ = {isa = PBXFileReference; lastKnownFileType = sourcecode.swift; path = SubmitCustomLocViewController.swift; sourceTree = "<group>"; };
		CC191395D00B2FB342FD842F /* Pods_MapAttraction.framework */ = {isa = PBXFileReference; explicitFileType = wrapper.framework; includeInIndex = 0; path = Pods_MapAttraction.framework; sourceTree = BUILT_PRODUCTS_DIR; };
/* End PBXFileReference section */

/* Begin PBXFrameworksBuildPhase section */
		01FF1B002358FEB200C25E00 /* Frameworks */ = {
			isa = PBXFrameworksBuildPhase;
			buildActionMask = 2147483647;
			files = (
				BE33BFAD2370BADB00246AAB /* MapKit.framework in Frameworks */,
				8D1C03132F38DD9D33BFDC15 /* Pods_MapAttraction.framework in Frameworks */,
			);
			runOnlyForDeploymentPostprocessing = 0;
		};
/* End PBXFrameworksBuildPhase section */

/* Begin PBXGroup section */
		01FF1AFA2358FEB200C25E00 = {
			isa = PBXGroup;
			children = (
				01FF1B052358FEB200C25E00 /* MapAttraction */,
				01FF1B042358FEB200C25E00 /* Products */,
				BE33BFAB2370BADB00246AAB /* Frameworks */,
				71D3D47C8E5CE2CBCDABF210 /* Pods */,
			);
			sourceTree = "<group>";
		};
		01FF1B042358FEB200C25E00 /* Products */ = {
			isa = PBXGroup;
			children = (
				01FF1B032358FEB200C25E00 /* MapAttraction.app */,
			);
			name = Products;
			sourceTree = "<group>";
		};
		01FF1B052358FEB200C25E00 /* MapAttraction */ = {
			isa = PBXGroup;
			children = (
				01FF1B062358FEB200C25E00 /* AppDelegate.swift */,
				01FF1B082358FEB200C25E00 /* ViewController.swift */,
				01FF1B0A2358FEB200C25E00 /* Main.storyboard */,
				BE634EE723750E2900989E9E /* UIResponderExtensions.swift */,
				BE634EE52374FC6E00989E9E /* myRatingTableViewCell.swift */,
				BEC1BBFB2373BB8400597592 /* SubmitCustomLocViewController.swift */,
				BEC1BBF92373A04500597592 /* myTagTableViewCell.swift */,
				21EF405D236E3702009BFDA9 /* UserPinViewController.swift */,
				BE33BFB0237219F100246AAB /* CustomLocInfoViewController.swift */,
				BE33BFAE2370BB2D00246AAB /* CustomLocationViewController.swift */,
				01FF1B102358FEB200C25E00 /* Assets.xcassets */,
				01FF1B122358FEB200C25E00 /* LaunchScreen.storyboard */,
				01FF1B152358FEB300C25E00 /* Info.plist */,
				01E6700D2371EA8C0054B5BC /* GoogleService-Info.plist */,
				01FF1B0D2358FEB200C25E00 /* MapAttraction.xcdatamodeld */,
			);
			path = MapAttraction;
			sourceTree = "<group>";
		};
		71D3D47C8E5CE2CBCDABF210 /* Pods */ = {
			isa = PBXGroup;
			children = (
				A35BA96773E155CBEBCF89EF /* Pods-MapAttraction.debug.xcconfig */,
				AE6DDC08EE8A152A1C98FD76 /* Pods-MapAttraction.release.xcconfig */,
			);
			path = Pods;
			sourceTree = "<group>";
		};
		BE33BFAB2370BADB00246AAB /* Frameworks */ = {
			isa = PBXGroup;
			children = (
				BE33BFAC2370BADB00246AAB /* MapKit.framework */,
				CC191395D00B2FB342FD842F /* Pods_MapAttraction.framework */,
			);
			name = Frameworks;
			sourceTree = "<group>";
		};
/* End PBXGroup section */

/* Begin PBXNativeTarget section */
		01FF1B022358FEB200C25E00 /* MapAttraction */ = {
			isa = PBXNativeTarget;
			buildConfigurationList = 01FF1B182358FEB300C25E00 /* Build configuration list for PBXNativeTarget "MapAttraction" */;
			buildPhases = (
				0703395AD61E627E6CE83FA9 /* [CP] Check Pods Manifest.lock */,
				01FF1AFF2358FEB200C25E00 /* Sources */,
				01FF1B002358FEB200C25E00 /* Frameworks */,
				01FF1B012358FEB200C25E00 /* Resources */,
				01E670062371E5A70054B5BC /* Embed Frameworks */,
				6B2ADE78D2CF57B147511031 /* [CP] Embed Pods Frameworks */,
			);
			buildRules = (
			);
			dependencies = (
			);
			name = MapAttraction;
			productName = MapAttraction;
			productReference = 01FF1B032358FEB200C25E00 /* MapAttraction.app */;
			productType = "com.apple.product-type.application";
		};
/* End PBXNativeTarget section */

/* Begin PBXProject section */
		01FF1AFB2358FEB200C25E00 /* Project object */ = {
			isa = PBXProject;
			attributes = {
				LastSwiftUpdateCheck = 1030;
				LastUpgradeCheck = 1030;
				ORGANIZATIONNAME = "yuqiao liang";
				TargetAttributes = {
					01FF1B022358FEB200C25E00 = {
						CreatedOnToolsVersion = 10.3;
					};
				};
			};
			buildConfigurationList = 01FF1AFE2358FEB200C25E00 /* Build configuration list for PBXProject "MapAttraction" */;
			compatibilityVersion = "Xcode 9.3";
			developmentRegion = en;
			hasScannedForEncodings = 0;
			knownRegions = (
				en,
				Base,
			);
			mainGroup = 01FF1AFA2358FEB200C25E00;
			productRefGroup = 01FF1B042358FEB200C25E00 /* Products */;
			projectDirPath = "";
			projectRoot = "";
			targets = (
				01FF1B022358FEB200C25E00 /* MapAttraction */,
			);
		};
/* End PBXProject section */

/* Begin PBXResourcesBuildPhase section */
		01FF1B012358FEB200C25E00 /* Resources */ = {
			isa = PBXResourcesBuildPhase;
			buildActionMask = 2147483647;
			files = (
				01FF1B142358FEB200C25E00 /* LaunchScreen.storyboard in Resources */,
				01E6700E2371EA8D0054B5BC /* GoogleService-Info.plist in Resources */,
				01FF1B112358FEB200C25E00 /* Assets.xcassets in Resources */,
				01FF1B0C2358FEB200C25E00 /* Main.storyboard in Resources */,
			);
			runOnlyForDeploymentPostprocessing = 0;
		};
/* End PBXResourcesBuildPhase section */

/* Begin PBXShellScriptBuildPhase section */
		0703395AD61E627E6CE83FA9 /* [CP] Check Pods Manifest.lock */ = {
			isa = PBXShellScriptBuildPhase;
			buildActionMask = 2147483647;
			files = (
			);
			inputFileListPaths = (
			);
			inputPaths = (
				"${PODS_PODFILE_DIR_PATH}/Podfile.lock",
				"${PODS_ROOT}/Manifest.lock",
			);
			name = "[CP] Check Pods Manifest.lock";
			outputFileListPaths = (
			);
			outputPaths = (
				"$(DERIVED_FILE_DIR)/Pods-MapAttraction-checkManifestLockResult.txt",
			);
			runOnlyForDeploymentPostprocessing = 0;
			shellPath = /bin/sh;
			shellScript = "diff \"${PODS_PODFILE_DIR_PATH}/Podfile.lock\" \"${PODS_ROOT}/Manifest.lock\" > /dev/null\nif [ $? != 0 ] ; then\n    # print error to STDERR\n    echo \"error: The sandbox is not in sync with the Podfile.lock. Run 'pod install' or update your CocoaPods installation.\" >&2\n    exit 1\nfi\n# This output is used by Xcode 'outputs' to avoid re-running this script phase.\necho \"SUCCESS\" > \"${SCRIPT_OUTPUT_FILE_0}\"\n";
			showEnvVarsInLog = 0;
		};
		6B2ADE78D2CF57B147511031 /* [CP] Embed Pods Frameworks */ = {
			isa = PBXShellScriptBuildPhase;
			buildActionMask = 2147483647;
			files = (
			);
			inputFileListPaths = (
				"${PODS_ROOT}/Target Support Files/Pods-MapAttraction/Pods-MapAttraction-frameworks-${CONFIGURATION}-input-files.xcfilelist",
			);
			name = "[CP] Embed Pods Frameworks";
			outputFileListPaths = (
				"${PODS_ROOT}/Target Support Files/Pods-MapAttraction/Pods-MapAttraction-frameworks-${CONFIGURATION}-output-files.xcfilelist",
			);
			runOnlyForDeploymentPostprocessing = 0;
			shellPath = /bin/sh;
			shellScript = "\"${PODS_ROOT}/Target Support Files/Pods-MapAttraction/Pods-MapAttraction-frameworks.sh\"\n";
			showEnvVarsInLog = 0;
		};
/* End PBXShellScriptBuildPhase section */

/* Begin PBXSourcesBuildPhase section */
		01FF1AFF2358FEB200C25E00 /* Sources */ = {
			isa = PBXSourcesBuildPhase;
			buildActionMask = 2147483647;
			files = (
				BE33BFB1237219F100246AAB /* CustomLocInfoViewController.swift in Sources */,
				01FF1B0F2358FEB200C25E00 /* MapAttraction.xcdatamodeld in Sources */,
				BE634EE62374FC6E00989E9E /* myRatingTableViewCell.swift in Sources */,
				BEC1BBFC2373BB8400597592 /* SubmitCustomLocViewController.swift in Sources */,
				BE634EE823750E2900989E9E /* UIResponderExtensions.swift in Sources */,
				01FF1B092358FEB200C25E00 /* ViewController.swift in Sources */,
				21EF405E236E3702009BFDA9 /* UserPinViewController.swift in Sources */,
				BEC1BBFA2373A04500597592 /* myTagTableViewCell.swift in Sources */,
				01FF1B072358FEB200C25E00 /* AppDelegate.swift in Sources */,
				BE33BFAF2370BB2D00246AAB /* CustomLocationViewController.swift in Sources */,
			);
			runOnlyForDeploymentPostprocessing = 0;
		};
/* End PBXSourcesBuildPhase section */

/* Begin PBXVariantGroup section */
		01FF1B0A2358FEB200C25E00 /* Main.storyboard */ = {
			isa = PBXVariantGroup;
			children = (
				01FF1B0B2358FEB200C25E00 /* Base */,
			);
			name = Main.storyboard;
			sourceTree = "<group>";
		};
		01FF1B122358FEB200C25E00 /* LaunchScreen.storyboard */ = {
			isa = PBXVariantGroup;
			children = (
				01FF1B132358FEB200C25E00 /* Base */,
			);
			name = LaunchScreen.storyboard;
			sourceTree = "<group>";
		};
/* End PBXVariantGroup section */

/* Begin XCBuildConfiguration section */
		01FF1B162358FEB300C25E00 /* Debug */ = {
			isa = XCBuildConfiguration;
			buildSettings = {
				ALWAYS_SEARCH_USER_PATHS = NO;
				CLANG_ANALYZER_NONNULL = YES;
				CLANG_ANALYZER_NUMBER_OBJECT_CONVERSION = YES_AGGRESSIVE;
				CLANG_CXX_LANGUAGE_STANDARD = "gnu++14";
				CLANG_CXX_LIBRARY = "libc++";
				CLANG_ENABLE_MODULES = YES;
				CLANG_ENABLE_OBJC_ARC = YES;
				CLANG_ENABLE_OBJC_WEAK = YES;
				CLANG_WARN_BLOCK_CAPTURE_AUTORELEASING = YES;
				CLANG_WARN_BOOL_CONVERSION = YES;
				CLANG_WARN_COMMA = YES;
				CLANG_WARN_CONSTANT_CONVERSION = YES;
				CLANG_WARN_DEPRECATED_OBJC_IMPLEMENTATIONS = YES;
				CLANG_WARN_DIRECT_OBJC_ISA_USAGE = YES_ERROR;
				CLANG_WARN_DOCUMENTATION_COMMENTS = YES;
				CLANG_WARN_EMPTY_BODY = YES;
				CLANG_WARN_ENUM_CONVERSION = YES;
				CLANG_WARN_INFINITE_RECURSION = YES;
				CLANG_WARN_INT_CONVERSION = YES;
				CLANG_WARN_NON_LITERAL_NULL_CONVERSION = YES;
				CLANG_WARN_OBJC_IMPLICIT_RETAIN_SELF = YES;
				CLANG_WARN_OBJC_LITERAL_CONVERSION = YES;
				CLANG_WARN_OBJC_ROOT_CLASS = YES_ERROR;
				CLANG_WARN_RANGE_LOOP_ANALYSIS = YES;
				CLANG_WARN_STRICT_PROTOTYPES = YES;
				CLANG_WARN_SUSPICIOUS_MOVE = YES;
				CLANG_WARN_UNGUARDED_AVAILABILITY = YES_AGGRESSIVE;
				CLANG_WARN_UNREACHABLE_CODE = YES;
				CLANG_WARN__DUPLICATE_METHOD_MATCH = YES;
				CODE_SIGN_IDENTITY = "iPhone Developer";
				COPY_PHASE_STRIP = NO;
				DEBUG_INFORMATION_FORMAT = dwarf;
				ENABLE_STRICT_OBJC_MSGSEND = YES;
				ENABLE_TESTABILITY = YES;
				GCC_C_LANGUAGE_STANDARD = gnu11;
				GCC_DYNAMIC_NO_PIC = NO;
				GCC_NO_COMMON_BLOCKS = YES;
				GCC_OPTIMIZATION_LEVEL = 0;
				GCC_PREPROCESSOR_DEFINITIONS = (
					"DEBUG=1",
					"$(inherited)",
				);
				GCC_WARN_64_TO_32_BIT_CONVERSION = YES;
				GCC_WARN_ABOUT_RETURN_TYPE = YES_ERROR;
				GCC_WARN_UNDECLARED_SELECTOR = YES;
				GCC_WARN_UNINITIALIZED_AUTOS = YES_AGGRESSIVE;
				GCC_WARN_UNUSED_FUNCTION = YES;
				GCC_WARN_UNUSED_VARIABLE = YES;
				IPHONEOS_DEPLOYMENT_TARGET = 12.4;
				MTL_ENABLE_DEBUG_INFO = INCLUDE_SOURCE;
				MTL_FAST_MATH = YES;
				ONLY_ACTIVE_ARCH = YES;
				SDKROOT = iphoneos;
				SWIFT_ACTIVE_COMPILATION_CONDITIONS = DEBUG;
				SWIFT_OPTIMIZATION_LEVEL = "-Onone";
			};
			name = Debug;
		};
		01FF1B172358FEB300C25E00 /* Release */ = {
			isa = XCBuildConfiguration;
			buildSettings = {
				ALWAYS_SEARCH_USER_PATHS = NO;
				CLANG_ANALYZER_NONNULL = YES;
				CLANG_ANALYZER_NUMBER_OBJECT_CONVERSION = YES_AGGRESSIVE;
				CLANG_CXX_LANGUAGE_STANDARD = "gnu++14";
				CLANG_CXX_LIBRARY = "libc++";
				CLANG_ENABLE_MODULES = YES;
				CLANG_ENABLE_OBJC_ARC = YES;
				CLANG_ENABLE_OBJC_WEAK = YES;
				CLANG_WARN_BLOCK_CAPTURE_AUTORELEASING = YES;
				CLANG_WARN_BOOL_CONVERSION = YES;
				CLANG_WARN_COMMA = YES;
				CLANG_WARN_CONSTANT_CONVERSION = YES;
				CLANG_WARN_DEPRECATED_OBJC_IMPLEMENTATIONS = YES;
				CLANG_WARN_DIRECT_OBJC_ISA_USAGE = YES_ERROR;
				CLANG_WARN_DOCUMENTATION_COMMENTS = YES;
				CLANG_WARN_EMPTY_BODY = YES;
				CLANG_WARN_ENUM_CONVERSION = YES;
				CLANG_WARN_INFINITE_RECURSION = YES;
				CLANG_WARN_INT_CONVERSION = YES;
				CLANG_WARN_NON_LITERAL_NULL_CONVERSION = YES;
				CLANG_WARN_OBJC_IMPLICIT_RETAIN_SELF = YES;
				CLANG_WARN_OBJC_LITERAL_CONVERSION = YES;
				CLANG_WARN_OBJC_ROOT_CLASS = YES_ERROR;
				CLANG_WARN_RANGE_LOOP_ANALYSIS = YES;
				CLANG_WARN_STRICT_PROTOTYPES = YES;
				CLANG_WARN_SUSPICIOUS_MOVE = YES;
				CLANG_WARN_UNGUARDED_AVAILABILITY = YES_AGGRESSIVE;
				CLANG_WARN_UNREACHABLE_CODE = YES;
				CLANG_WARN__DUPLICATE_METHOD_MATCH = YES;
				CODE_SIGN_IDENTITY = "iPhone Developer";
				COPY_PHASE_STRIP = NO;
				DEBUG_INFORMATION_FORMAT = "dwarf-with-dsym";
				ENABLE_NS_ASSERTIONS = NO;
				ENABLE_STRICT_OBJC_MSGSEND = YES;
				GCC_C_LANGUAGE_STANDARD = gnu11;
				GCC_NO_COMMON_BLOCKS = YES;
				GCC_WARN_64_TO_32_BIT_CONVERSION = YES;
				GCC_WARN_ABOUT_RETURN_TYPE = YES_ERROR;
				GCC_WARN_UNDECLARED_SELECTOR = YES;
				GCC_WARN_UNINITIALIZED_AUTOS = YES_AGGRESSIVE;
				GCC_WARN_UNUSED_FUNCTION = YES;
				GCC_WARN_UNUSED_VARIABLE = YES;
				IPHONEOS_DEPLOYMENT_TARGET = 12.4;
				MTL_ENABLE_DEBUG_INFO = NO;
				MTL_FAST_MATH = YES;
				SDKROOT = iphoneos;
				SWIFT_COMPILATION_MODE = wholemodule;
				SWIFT_OPTIMIZATION_LEVEL = "-O";
				VALIDATE_PRODUCT = YES;
			};
			name = Release;
		};
		01FF1B192358FEB300C25E00 /* Debug */ = {
			isa = XCBuildConfiguration;
			baseConfigurationReference = A35BA96773E155CBEBCF89EF /* Pods-MapAttraction.debug.xcconfig */;
			buildSettings = {
				ASSETCATALOG_COMPILER_APPICON_NAME = AppIcon;
				CODE_SIGN_STYLE = Automatic;
				FRAMEWORK_SEARCH_PATHS = (
					"$(inherited)",
					"$(PROJECT_DIR)",
				);
				INFOPLIST_FILE = MapAttraction/Info.plist;
				LD_RUNPATH_SEARCH_PATHS = (
					"$(inherited)",
					"@executable_path/Frameworks",
				);
				PRODUCT_BUNDLE_IDENTIFIER = Duke.MapAttraction;
				PRODUCT_NAME = "$(TARGET_NAME)";
				SWIFT_VERSION = 5.0;
				TARGETED_DEVICE_FAMILY = "1,2";
			};
			name = Debug;
		};
		01FF1B1A2358FEB300C25E00 /* Release */ = {
			isa = XCBuildConfiguration;
			baseConfigurationReference = AE6DDC08EE8A152A1C98FD76 /* Pods-MapAttraction.release.xcconfig */;
			buildSettings = {
				ASSETCATALOG_COMPILER_APPICON_NAME = AppIcon;
				CODE_SIGN_STYLE = Automatic;
				FRAMEWORK_SEARCH_PATHS = (
					"$(inherited)",
					"$(PROJECT_DIR)",
				);
				INFOPLIST_FILE = MapAttraction/Info.plist;
				LD_RUNPATH_SEARCH_PATHS = (
					"$(inherited)",
					"@executable_path/Frameworks",
				);
				PRODUCT_BUNDLE_IDENTIFIER = Duke.MapAttraction;
				PRODUCT_NAME = "$(TARGET_NAME)";
				SWIFT_VERSION = 5.0;
				TARGETED_DEVICE_FAMILY = "1,2";
			};
			name = Release;
		};
/* End XCBuildConfiguration section */

/* Begin XCConfigurationList section */
		01FF1AFE2358FEB200C25E00 /* Build configuration list for PBXProject "MapAttraction" */ = {
			isa = XCConfigurationList;
			buildConfigurations = (
				01FF1B162358FEB300C25E00 /* Debug */,
				01FF1B172358FEB300C25E00 /* Release */,
			);
			defaultConfigurationIsVisible = 0;
			defaultConfigurationName = Release;
		};
		01FF1B182358FEB300C25E00 /* Build configuration list for PBXNativeTarget "MapAttraction" */ = {
			isa = XCConfigurationList;
			buildConfigurations = (
				01FF1B192358FEB300C25E00 /* Debug */,
				01FF1B1A2358FEB300C25E00 /* Release */,
			);
			defaultConfigurationIsVisible = 0;
			defaultConfigurationName = Release;
		};
/* End XCConfigurationList section */

/* Begin XCVersionGroup section */
		01FF1B0D2358FEB200C25E00 /* MapAttraction.xcdatamodeld */ = {
			isa = XCVersionGroup;
			children = (
				01FF1B0E2358FEB200C25E00 /* MapAttraction.xcdatamodel */,
			);
			currentVersion = 01FF1B0E2358FEB200C25E00 /* MapAttraction.xcdatamodel */;
			path = MapAttraction.xcdatamodeld;
			sourceTree = "<group>";
			versionGroupType = wrapper.xcdatamodel;
		};
/* End XCVersionGroup section */
	};
	rootObject = 01FF1AFB2358FEB200C25E00 /* Project object */;
}
